{
  "name": "work-one",
  "lockfileVersion": 3,
  "requires": true,
  "packages": {
    "": {
      "dependencies": {
        "@studio-freight/lenis": "^1.0.42",
        "lenis": "^1.2.3"
      }
    },
    "node_modules/@studio-freight/lenis": {
      "version": "1.0.42",
      "resolved": "https://registry.npmjs.org/@studio-freight/lenis/-/lenis-1.0.42.tgz",
      "integrity": "sha512-HJAGf2DeM+BTvKzHv752z6Z7zy6bA643nZM7W88Ft9tnw2GsJSp6iJ+3cekjyMIWH+cloL2U9X82dKXgdU8kPg==",
      "deprecated": "The '@studio-freight/lenis' package has been renamed to 'lenis'. Please update your dependencies: npm install lenis and visit the documentation: https://www.npmjs.com/package/lenis"
    },
    "node_modules/lenis": {
      "version": "1.2.3",
      "resolved": "https://registry.npmjs.org/lenis/-/lenis-1.2.3.tgz",
      "integrity": "sha512-H3VUn62jvQPfyxGW2F0STJPhP1VzX5r05KtiZ0uxHYD9xtbfTvj2eX/Km26+x13zlaKfHacEe1DTC3ouFrxw+g==",
      "funding": {
        "type": "github",
        "url": "https://github.com/sponsors/darkroomengineering"
      },
      "peerDependencies": {
        "@nuxt/kit": ">=3.0.0",
        "react": ">=17.0.0",
        "vue": ">=3.0.0"
      },
      "peerDependenciesMeta": {
        "@nuxt/kit": {
          "optional": true
        },
        "react": {
          "optional": true
        },
        "vue": {
          "optional": true
        }
      }
    }
  }
}
